{"filter":false,"title":"package-lock.json","tooltip":"/mynews/package-lock.json","undoManager":{"mark":-1,"position":-1,"stack":[]},"ace":{"folds":[],"scrolltop":0,"scrollleft":0,"selection":{"start":{"row":0,"column":0},"end":{"row":0,"column":0},"isBackwards":false},"options":{"guessTabSize":true,"useWrapMode":false,"wrapToView":true},"firstLineState":{"row":5,"state":"start","mode":"ace/mode/json"}},"timestamp":1593539710594,"hash":"8d537ad2b07ccf72eb786ff8bb0bbf53d3ab0900"}